<?xml version="1.0" encoding="UTF-8" standalone="yes" ?>
<CodeBlocks_project_file>
	<FileVersion major="1" minor="6" />
	<Project>
		<Option title="GameEngine" />
		<Option pch_mode="2" />
		<Option compiler="gcc" />
		<Option virtualFolders="src\;" />
		<Build>
			<Target title="Debug">
				<Option output="bin/Debug/fund2Project" prefix_auto="1" extension_auto="1" />
				<Option working_dir="bin/Debug/" />
				<Option object_output="obj/Debug/" />
				<Option type="1" />
				<Option compiler="gcc" />
				<Compiler>
					<Add option="-g" />
					<Add option="-std=gnu++11" />
					<Add directory="Dependancies/include" />
					<Add directory="include" />
					<Add directory="C:/Users/Thomas Luppi/Documents/fund2project/include" />
					<Add directory="include/Components/Physics" />
					<Add directory="include/Components/Identification" />
					<Add directory="include/Components/Script" />
					<Add directory="include/Components/Target" />
					<Add directory="include/Components/Input" />
				</Compiler>
				<Linker>
					<Add library="libsfml-graphics-s-d" />
					<Add library="libsfml-audio-s-d.a" />
					<Add library="libsfml-window-s-d" />
					<Add library="libsfml-system-s-d" />
					<Add library="libBox2D.a" />
					<Add library="libglui.a" />
					<Add library="libfreeglut_static.a" />
					<Add directory="Dependancies/lib" />
				</Linker>
			</Target>
			<Target title="Release">
				<Option output="bin/Release/fund2Project" prefix_auto="1" extension_auto="1" />
				<Option object_output="obj/Release/" />
				<Option type="1" />
				<Option compiler="gcc" />
				<Compiler>
					<Add option="-O2" />
					<Add directory="include" />
					<Add directory="C:/Users/Thomas Luppi/Documents/fund2project/include" />
					<Add directory="include/Components/Physics" />
					<Add directory="include/Components/Identification" />
					<Add directory="include/Components/Script" />
					<Add directory="include/Components/Target" />
					<Add directory="include/Components/Input" />
				</Compiler>
				<Linker>
					<Add option="-s" />
					<Add library="libsfml-network-s" />
					<Add library="libsfml-audio-s" />
					<Add library="libsfml-main" />
					<Add library="libsfml-graphics-s" />
					<Add library="libsfml-window-s" />
					<Add library="libsfml-system-s" />
				</Linker>
			</Target>
		</Build>
		<Compiler>
			<Add option="-Wall" />
			<Add option="-DSFML_STATIC" />
			<Add directory="Dependancies/include" />
		</Compiler>
		<Linker>
			<Add directory="Dependancies/lib" />
		</Linker>
		<Unit filename="include/Components/ComponentBase.h" />
		<Unit filename="include/Components/ComponentManager.h" />
		<Unit filename="include/Components/ComponentSystem.h" />
		<Unit filename="include/Components/Identification/IDComponent.h" />
		<Unit filename="include/Components/Input/InputComponent.h" />
		<Unit filename="include/Components/Input/KeyboardInput.h" />
		<Unit filename="include/Components/Movement/BraveAdventurerMovement.h" />
		<Unit filename="include/Components/Movement/MovementComponent.h" />
		<Unit filename="include/Components/Physics/BoundaryPhysics.h" />
		<Unit filename="include/Components/Physics/PhysicsComponent.h" />
		<Unit filename="include/Components/Physics/SimpleBoxPhysics.h" />
		<Unit filename="include/Components/Positional/WorldPositionComponent.h" />
		<Unit filename="include/Components/Render/AnimatedComponent.h" />
		<Unit filename="include/Components/Render/BraveAdventurerAnimatedComponent.h" />
		<Unit filename="include/Components/Render/DebugDraw.h" />
		<Unit filename="include/Components/Render/RenderComponent.h" />
		<Unit filename="include/Components/Render/StaticSpriteComponent.h" />
		<Unit filename="include/Components/Script/Camera.h" />
		<Unit filename="include/Components/Script/ScriptComponent.h" />
		<Unit filename="include/Components/Target/TargetComponent.h" />
		<Unit filename="include/GameEngine.h" />
		<Unit filename="include/InputEngine.h" />
		<Unit filename="include/LevelLoader.h" />
		<Unit filename="include/Options.h" />
		<Unit filename="include/Rendering/AnimatedSprite.h" />
		<Unit filename="include/Rendering/Animation.h" />
		<Unit filename="include/Rendering/RenderEngine.h" />
		<Unit filename="include/Rendering/SpriteManager.h" />
		<Unit filename="include/Rendering/TextureManager.h" />
		<Unit filename="include/RichText.hpp" />
		<Unit filename="include/physics/PhysicsEngine.h" />
		<Unit filename="src/Components/ComponentBase.cpp" />
		<Unit filename="src/Components/ComponentManager.cpp" />
		<Unit filename="src/Components/Identification/IDComponent.cpp" />
		<Unit filename="src/Components/Input/InputComponent.cpp" />
		<Unit filename="src/Components/Input/KeyboardInput.cpp" />
		<Unit filename="src/Components/Movement/BraveAdventurerMovement.cpp" />
		<Unit filename="src/Components/Movement/MovementComponent.cpp" />
		<Unit filename="src/Components/Physics/BoundaryPhysics.cpp" />
		<Unit filename="src/Components/Physics/PhysicsComponent.cpp" />
		<Unit filename="src/Components/Physics/SimpleBoxPhysics.cpp" />
		<Unit filename="src/Components/Positional/WorldPositionComponent.cpp" />
		<Unit filename="src/Components/Render/AnimatedComponent.cpp" />
		<Unit filename="src/Components/Render/BraveAdventurerAnimatedComponent.cpp" />
		<Unit filename="src/Components/Render/DebugDraw.cpp" />
		<Unit filename="src/Components/Render/RenderComponent.cpp" />
		<Unit filename="src/Components/Render/StaticSpriteComponent.cpp" />
		<Unit filename="src/Components/Scrpt/Camera.cpp" />
		<Unit filename="src/Components/Scrpt/ScriptComponent.cpp" />
		<Unit filename="src/Components/Target/TargetComponent.cpp" />
		<Unit filename="src/GameEngine.cpp" />
		<Unit filename="src/InputEngine.cpp" />
		<Unit filename="src/LevelLoader.cpp" />
		<Unit filename="src/Options.cpp" />
		<Unit filename="src/Rendering/AnimatedSprite.cpp" />
		<Unit filename="src/Rendering/Animation.cpp" />
		<Unit filename="src/Rendering/RenderEngine.cpp" />
		<Unit filename="src/Rendering/SpriteManager.cpp" />
		<Unit filename="src/Rendering/TextureManager.cpp" />
		<Unit filename="src/RichText.cpp" />
		<Unit filename="src/physics/PhysicsEngine.cpp" />
		<Extensions>
			<code_completion />
			<envvars />
			<debugger />
		</Extensions>
	</Project>
</CodeBlocks_project_file>
